// !$*UTF8*$!
{
	archiveVersion = 1;
	classes = {
	};
	objectVersion = 46;
	objects = {

/* Begin PBXBuildFile section */
		6EBCF52C1D38C80400BF8DF7 /* AppDelegate.swift in Sources */ = {isa = PBXBuildFile; fileRef = 6EBCF52B1D38C80400BF8DF7 /* AppDelegate.swift */; };
		6EBCF52E1D38C80400BF8DF7 /* ViewController.swift in Sources */ = {isa = PBXBuildFile; fileRef = 6EBCF52D1D38C80400BF8DF7 /* ViewController.swift */; };
		6EBCF5311D38C80400BF8DF7 /* Main.storyboard in Resources */ = {isa = PBXBuildFile; fileRef = 6EBCF52F1D38C80400BF8DF7 /* Main.storyboard */; };
		6EBCF5331D38C80400BF8DF7 /* Assets.xcassets in Resources */ = {isa = PBXBuildFile; fileRef = 6EBCF5321D38C80400BF8DF7 /* Assets.xcassets */; };
		6EBCF5361D38C80400BF8DF7 /* LaunchScreen.storyboard in Resources */ = {isa = PBXBuildFile; fileRef = 6EBCF5341D38C80400BF8DF7 /* LaunchScreen.storyboard */; };
		6EBCF53B1D38C80400BF8DF7 /* WatchTable WatchKit App.app in Embed Watch Content */ = {isa = PBXBuildFile; fileRef = 6EBCF53A1D38C80400BF8DF7 /* WatchTable WatchKit App.app */; };
		6EBCF5411D38C80400BF8DF7 /* Interface.storyboard in Resources */ = {isa = PBXBuildFile; fileRef = 6EBCF53F1D38C80400BF8DF7 /* Interface.storyboard */; };
		6EBCF5431D38C80400BF8DF7 /* Assets.xcassets in Resources */ = {isa = PBXBuildFile; fileRef = 6EBCF5421D38C80400BF8DF7 /* Assets.xcassets */; };
		6EBCF54A1D38C80400BF8DF7 /* WatchTable WatchKit Extension.appex in Embed App Extensions */ = {isa = PBXBuildFile; fileRef = 6EBCF5491D38C80400BF8DF7 /* WatchTable WatchKit Extension.appex */; settings = {ATTRIBUTES = (RemoveHeadersOnCopy, ); }; };
		6EBCF54F1D38C80400BF8DF7 /* InterfaceController.swift in Sources */ = {isa = PBXBuildFile; fileRef = 6EBCF54E1D38C80400BF8DF7 /* InterfaceController.swift */; };
		6EBCF5511D38C80400BF8DF7 /* ExtensionDelegate.swift in Sources */ = {isa = PBXBuildFile; fileRef = 6EBCF5501D38C80400BF8DF7 /* ExtensionDelegate.swift */; };
		6EBCF5531D38C80400BF8DF7 /* Assets.xcassets in Resources */ = {isa = PBXBuildFile; fileRef = 6EBCF5521D38C80400BF8DF7 /* Assets.xcassets */; };
		6EBCF5631D38D04600BF8DF7 /* LabelRowController.swift in Sources */ = {isa = PBXBuildFile; fileRef = 6EBCF5621D38D04600BF8DF7 /* LabelRowController.swift */; };
		6EBCF5651D38D05C00BF8DF7 /* ImageRowController.swift in Sources */ = {isa = PBXBuildFile; fileRef = 6EBCF5641D38D05C00BF8DF7 /* ImageRowController.swift */; };
/* End PBXBuildFile section */

/* Begin PBXContainerItemProxy section */
		6EBCF53C1D38C80400BF8DF7 /* PBXContainerItemProxy */ = {
			isa = PBXContainerItemProxy;
			containerPortal = 6EBCF5201D38C80400BF8DF7 /* Project object */;
			proxyType = 1;
			remoteGlobalIDString = 6EBCF5391D38C80400BF8DF7;
			remoteInfo = "WatchTable WatchKit App";
		};
		6EBCF54B1D38C80400BF8DF7 /* PBXContainerItemProxy */ = {
			isa = PBXContainerItemProxy;
			containerPortal = 6EBCF5201D38C80400BF8DF7 /* Project object */;
			proxyType = 1;
			remoteGlobalIDString = 6EBCF5481D38C80400BF8DF7;
			remoteInfo = "WatchTable WatchKit Extension";
		};
/* End PBXContainerItemProxy section */

/* Begin PBXCopyFilesBuildPhase section */
		6EBCF55A1D38C80400BF8DF7 /* Embed App Extensions */ = {
			isa = PBXCopyFilesBuildPhase;
			buildActionMask = 2147483647;
			dstPath = "";
			dstSubfolderSpec = 13;
			files = (
				6EBCF54A1D38C80400BF8DF7 /* WatchTable WatchKit Extension.appex in Embed App Extensions */,
			);
			name = "Embed App Extensions";
			runOnlyForDeploymentPostprocessing = 0;
		};
		6EBCF55E1D38C80400BF8DF7 /* Embed Watch Content */ = {
			isa = PBXCopyFilesBuildPhase;
			buildActionMask = 2147483647;
			dstPath = "$(CONTENTS_FOLDER_PATH)/Watch";
			dstSubfolderSpec = 16;
			files = (
				6EBCF53B1D38C80400BF8DF7 /* WatchTable WatchKit App.app in Embed Watch Content */,
			);
			name = "Embed Watch Content";
			runOnlyForDeploymentPostprocessing = 0;
		};
/* End PBXCopyFilesBuildPhase section */

/* Begin PBXFileReference section */
		6EBCF5281D38C80400BF8DF7 /* WatchTable.app */ = {isa = PBXFileReference; explicitFileType = wrapper.application; includeInIndex = 0; path = WatchTable.app; sourceTree = BUILT_PRODUCTS_DIR; };
		6EBCF52B1D38C80400BF8DF7 /* AppDelegate.swift */ = {isa = PBXFileReference; lastKnownFileType = sourcecode.swift; path = AppDelegate.swift; sourceTree = "<group>"; };
		6EBCF52D1D38C80400BF8DF7 /* ViewController.swift */ = {isa = PBXFileReference; lastKnownFileType = sourcecode.swift; path = ViewController.swift; sourceTree = "<group>"; };
		6EBCF5301D38C80400BF8DF7 /* Base */ = {isa = PBXFileReference; lastKnownFileType = file.storyboard; name = Base; path = Base.lproj/Main.storyboard; sourceTree = "<group>"; };
		6EBCF5321D38C80400BF8DF7 /* Assets.xcassets */ = {isa = PBXFileReference; lastKnownFileType = folder.assetcatalog; path = Assets.xcassets; sourceTree = "<group>"; };
		6EBCF5351D38C80400BF8DF7 /* Base */ = {isa = PBXFileReference; lastKnownFileType = file.storyboard; name = Base; path = Base.lproj/LaunchScreen.storyboard; sourceTree = "<group>"; };
		6EBCF5371D38C80400BF8DF7 /* Info.plist */ = {isa = PBXFileReference; lastKnownFileType = text.plist.xml; path = Info.plist; sourceTree = "<group>"; };
		6EBCF53A1D38C80400BF8DF7 /* WatchTable WatchKit App.app */ = {isa = PBXFileReference; explicitFileType = wrapper.application; includeInIndex = 0; path = "WatchTable WatchKit App.app"; sourceTree = BUILT_PRODUCTS_DIR; };
		6EBCF5401D38C80400BF8DF7 /* Base */ = {isa = PBXFileReference; lastKnownFileType = file.storyboard; name = Base; path = Base.lproj/Interface.storyboard; sourceTree = "<group>"; };
		6EBCF5421D38C80400BF8DF7 /* Assets.xcassets */ = {isa = PBXFileReference; lastKnownFileType = folder.assetcatalog; path = Assets.xcassets; sourceTree = "<group>"; };
		6EBCF5441D38C80400BF8DF7 /* Info.plist */ = {isa = PBXFileReference; lastKnownFileType = text.plist.xml; path = Info.plist; sourceTree = "<group>"; };
		6EBCF5491D38C80400BF8DF7 /* WatchTable WatchKit Extension.appex */ = {isa = PBXFileReference; explicitFileType = "wrapper.app-extension"; includeInIndex = 0; path = "WatchTable WatchKit Extension.appex"; sourceTree = BUILT_PRODUCTS_DIR; };
		6EBCF54E1D38C80400BF8DF7 /* InterfaceController.swift */ = {isa = PBXFileReference; lastKnownFileType = sourcecode.swift; path = InterfaceController.swift; sourceTree = "<group>"; };
		6EBCF5501D38C80400BF8DF7 /* ExtensionDelegate.swift */ = {isa = PBXFileReference; lastKnownFileType = sourcecode.swift; path = ExtensionDelegate.swift; sourceTree = "<group>"; };
		6EBCF5521D38C80400BF8DF7 /* Assets.xcassets */ = {isa = PBXFileReference; lastKnownFileType = folder.assetcatalog; path = Assets.xcassets; sourceTree = "<group>"; };
		6EBCF5541D38C80400BF8DF7 /* Info.plist */ = {isa = PBXFileReference; lastKnownFileType = text.plist.xml; path = Info.plist; sourceTree = "<group>"; };
		6EBCF5621D38D04600BF8DF7 /* LabelRowController.swift */ = {isa = PBXFileReference; fileEncoding = 4; lastKnownFileType = sourcecode.swift; path = LabelRowController.swift; sourceTree = "<group>"; };
		6EBCF5641D38D05C00BF8DF7 /* ImageRowController.swift */ = {isa = PBXFileReference; fileEncoding = 4; lastKnownFileType = sourcecode.swift; path = ImageRowController.swift; sourceTree = "<group>"; };
/* End PBXFileReference section */

/* Begin PBXFrameworksBuildPhase section */
		6EBCF5251D38C80400BF8DF7 /* Frameworks */ = {
			isa = PBXFrameworksBuildPhase;
			buildActionMask = 2147483647;
			files = (
			);
			runOnlyForDeploymentPostprocessing = 0;
		};
		6EBCF5461D38C80400BF8DF7 /* Frameworks */ = {
			isa = PBXFrameworksBuildPhase;
			buildActionMask = 2147483647;
			files = (
			);
			runOnlyForDeploymentPostprocessing = 0;
		};
/* End PBXFrameworksBuildPhase section */

/* Begin PBXGroup section */
		6EBCF51F1D38C80400BF8DF7 = {
			isa = PBXGroup;
			children = (
				6EBCF52A1D38C80400BF8DF7 /* WatchTable */,
				6EBCF53E1D38C80400BF8DF7 /* WatchTable WatchKit App */,
				6EBCF54D1D38C80400BF8DF7 /* WatchTable WatchKit Extension */,
				6EBCF5291D38C80400BF8DF7 /* Products */,
			);
			sourceTree = "<group>";
		};
		6EBCF5291D38C80400BF8DF7 /* Products */ = {
			isa = PBXGroup;
			children = (
				6EBCF5281D38C80400BF8DF7 /* WatchTable.app */,
				6EBCF53A1D38C80400BF8DF7 /* WatchTable WatchKit App.app */,
				6EBCF5491D38C80400BF8DF7 /* WatchTable WatchKit Extension.appex */,
			);
			name = Products;
			sourceTree = "<group>";
		};
		6EBCF52A1D38C80400BF8DF7 /* WatchTable */ = {
			isa = PBXGroup;
			children = (
				6EBCF52B1D38C80400BF8DF7 /* AppDelegate.swift */,
				6EBCF52D1D38C80400BF8DF7 /* ViewController.swift */,
				6EBCF52F1D38C80400BF8DF7 /* Main.storyboard */,
				6EBCF5321D38C80400BF8DF7 /* Assets.xcassets */,
				6EBCF5341D38C80400BF8DF7 /* LaunchScreen.storyboard */,
				6EBCF5371D38C80400BF8DF7 /* Info.plist */,
			);
			path = WatchTable;
			sourceTree = "<group>";
		};
		6EBCF53E1D38C80400BF8DF7 /* WatchTable WatchKit App */ = {
			isa = PBXGroup;
			children = (
				6EBCF53F1D38C80400BF8DF7 /* Interface.storyboard */,
				6EBCF5421D38C80400BF8DF7 /* Assets.xcassets */,
				6EBCF5441D38C80400BF8DF7 /* Info.plist */,
			);
			path = "WatchTable WatchKit App";
			sourceTree = "<group>";
		};
		6EBCF54D1D38C80400BF8DF7 /* WatchTable WatchKit Extension */ = {
			isa = PBXGroup;
			children = (
				6EBCF54E1D38C80400BF8DF7 /* InterfaceController.swift */,
				6EBCF5501D38C80400BF8DF7 /* ExtensionDelegate.swift */,
				6EBCF5521D38C80400BF8DF7 /* Assets.xcassets */,
				6EBCF5541D38C80400BF8DF7 /* Info.plist */,
				6EBCF5621D38D04600BF8DF7 /* LabelRowController.swift */,
				6EBCF5641D38D05C00BF8DF7 /* ImageRowController.swift */,
			);
			path = "WatchTable WatchKit Extension";
			sourceTree = "<group>";
		};
/* End PBXGroup section */

/* Begin PBXNativeTarget section */
		6EBCF5271D38C80400BF8DF7 /* WatchTable */ = {
			isa = PBXNativeTarget;
			buildConfigurationList = 6EBCF55F1D38C80400BF8DF7 /* Build configuration list for PBXNativeTarget "WatchTable" */;
			buildPhases = (
				6EBCF5241D38C80400BF8DF7 /* Sources */,
				6EBCF5251D38C80400BF8DF7 /* Frameworks */,
				6EBCF5261D38C80400BF8DF7 /* Resources */,
				6EBCF55E1D38C80400BF8DF7 /* Embed Watch Content */,
			);
			buildRules = (
			);
			dependencies = (
				6EBCF53D1D38C80400BF8DF7 /* PBXTargetDependency */,
			);
			name = WatchTable;
			productName = WatchTable;
			productReference = 6EBCF5281D38C80400BF8DF7 /* WatchTable.app */;
			productType = "com.apple.product-type.application";
		};
		6EBCF5391D38C80400BF8DF7 /* WatchTable WatchKit App */ = {
			isa = PBXNativeTarget;
			buildConfigurationList = 6EBCF55B1D38C80400BF8DF7 /* Build configuration list for PBXNativeTarget "WatchTable WatchKit App" */;
			buildPhases = (
				6EBCF5381D38C80400BF8DF7 /* Resources */,
				6EBCF55A1D38C80400BF8DF7 /* Embed App Extensions */,
			);
			buildRules = (
			);
			dependencies = (
				6EBCF54C1D38C80400BF8DF7 /* PBXTargetDependency */,
			);
			name = "WatchTable WatchKit App";
			productName = "WatchTable WatchKit App";
			productReference = 6EBCF53A1D38C80400BF8DF7 /* WatchTable WatchKit App.app */;
			productType = "com.apple.product-type.application.watchapp2";
		};
		6EBCF5481D38C80400BF8DF7 /* WatchTable WatchKit Extension */ = {
			isa = PBXNativeTarget;
			buildConfigurationList = 6EBCF5571D38C80400BF8DF7 /* Build configuration list for PBXNativeTarget "WatchTable WatchKit Extension" */;
			buildPhases = (
				6EBCF5451D38C80400BF8DF7 /* Sources */,
				6EBCF5461D38C80400BF8DF7 /* Frameworks */,
				6EBCF5471D38C80400BF8DF7 /* Resources */,
			);
			buildRules = (
			);
			dependencies = (
			);
			name = "WatchTable WatchKit Extension";
			productName = "WatchTable WatchKit Extension";
			productReference = 6EBCF5491D38C80400BF8DF7 /* WatchTable WatchKit Extension.appex */;
			productType = "com.apple.product-type.watchkit2-extension";
		};
/* End PBXNativeTarget section */

/* Begin PBXProject section */
		6EBCF5201D38C80400BF8DF7 /* Project object */ = {
			isa = PBXProject;
			attributes = {
				LastSwiftUpdateCheck = 0730;
				LastUpgradeCheck = 0730;
				ORGANIZATIONNAME = "Kaili Zhu";
				TargetAttributes = {
					6EBCF5271D38C80400BF8DF7 = {
						CreatedOnToolsVersion = 7.3;
					};
					6EBCF5391D38C80400BF8DF7 = {
						CreatedOnToolsVersion = 7.3;
					};
					6EBCF5481D38C80400BF8DF7 = {
						CreatedOnToolsVersion = 7.3;
					};
				};
			};
			buildConfigurationList = 6EBCF5231D38C80400BF8DF7 /* Build configuration list for PBXProject "WatchTable" */;
			compatibilityVersion = "Xcode 3.2";
			developmentRegion = English;
			hasScannedForEncodings = 0;
			knownRegions = (
				en,
				Base,
			);
			mainGroup = 6EBCF51F1D38C80400BF8DF7;
			productRefGroup = 6EBCF5291D38C80400BF8DF7 /* Products */;
			projectDirPath = "";
			projectRoot = "";
			targets = (
				6EBCF5271D38C80400BF8DF7 /* WatchTable */,
				6EBCF5391D38C80400BF8DF7 /* WatchTable WatchKit App */,
				6EBCF5481D38C80400BF8DF7 /* WatchTable WatchKit Extension */,
			);
		};
/* End PBXProject section */

/* Begin PBXResourcesBuildPhase section */
		6EBCF5261D38C80400BF8DF7 /* Resources */ = {
			isa = PBXResourcesBuildPhase;
			buildActionMask = 2147483647;
			files = (
				6EBCF5361D38C80400BF8DF7 /* LaunchScreen.storyboard in Resources */,
				6EBCF5331D38C80400BF8DF7 /* Assets.xcassets in Resources */,
				6EBCF5311D38C80400BF8DF7 /* Main.storyboard in Resources */,
			);
			runOnlyForDeploymentPostprocessing = 0;
		};
		6EBCF5381D38C80400BF8DF7 /* Resources */ = {
			isa = PBXResourcesBuildPhase;
			buildActionMask = 2147483647;
			files = (
				6EBCF5431D38C80400BF8DF7 /* Assets.xcassets in Resources */,
				6EBCF5411D38C80400BF8DF7 /* Interface.storyboard in Resources */,
			);
			runOnlyForDeploymentPostprocessing = 0;
		};
		6EBCF5471D38C80400BF8DF7 /* Resources */ = {
			isa = PBXResourcesBuildPhase;
			buildActionMask = 2147483647;
			files = (
				6EBCF5531D38C80400BF8DF7 /* Assets.xcassets in Resources */,
			);
			runOnlyForDeploymentPostprocessing = 0;
		};
/* End PBXResourcesBuildPhase section */

/* Begin PBXSourcesBuildPhase section */
		6EBCF5241D38C80400BF8DF7 /* Sources */ = {
			isa = PBXSourcesBuildPhase;
			buildActionMask = 2147483647;
			files = (
				6EBCF52E1D38C80400BF8DF7 /* ViewController.swift in Sources */,
				6EBCF52C1D38C80400BF8DF7 /* AppDelegate.swift in Sources */,
			);
			runOnlyForDeploymentPostprocessing = 0;
		};
		6EBCF5451D38C80400BF8DF7 /* Sources */ = {
			isa = PBXSourcesBuildPhase;
			buildActionMask = 2147483647;
			files = (
				6EBCF5511D38C80400BF8DF7 /* ExtensionDelegate.swift in Sources */,
				6EBCF5631D38D04600BF8DF7 /* LabelRowController.swift in Sources */,
				6EBCF5651D38D05C00BF8DF7 /* ImageRowController.swift in Sources */,
				6EBCF54F1D38C80400BF8DF7 /* InterfaceController.swift in Sources */,
			);
			runOnlyForDeploymentPostprocessing = 0;
		};
/* End PBXSourcesBuildPhase section */

/* Begin PBXTargetDependency section */
		6EBCF53D1D38C80400BF8DF7 /* PBXTargetDependency */ = {
			isa = PBXTargetDependency;
			target = 6EBCF5391D38C80400BF8DF7 /* WatchTable WatchKit App */;
			targetProxy = 6EBCF53C1D38C80400BF8DF7 /* PBXContainerItemProxy */;
		};
		6EBCF54C1D38C80400BF8DF7 /* PBXTargetDependency */ = {
			isa = PBXTargetDependency;
			target = 6EBCF5481D38C80400BF8DF7 /* WatchTable WatchKit Extension */;
			targetProxy = 6EBCF54B1D38C80400BF8DF7 /* PBXContainerItemProxy */;
		};
/* End PBXTargetDependency section */

/* Begin PBXVariantGroup section */
		6EBCF52F1D38C80400BF8DF7 /* Main.storyboard */ = {
			isa = PBXVariantGroup;
			children = (
				6EBCF5301D38C80400BF8DF7 /* Base */,
			);
			name = Main.storyboard;
			sourceTree = "<group>";
		};
		6EBCF5341D38C80400BF8DF7 /* LaunchScreen.storyboard */ = {
			isa = PBXVariantGroup;
			children = (
				6EBCF5351D38C80400BF8DF7 /* Base */,
			);
			name = LaunchScreen.storyboard;
			sourceTree = "<group>";
		};
		6EBCF53F1D38C80400BF8DF7 /* Interface.storyboard */ = {
			isa = PBXVariantGroup;
			children = (
				6EBCF5401D38C80400BF8DF7 /* Base */,
			);
			name = Interface.storyboard;
			sourceTree = "<group>";
		};
/* End PBXVariantGroup section */

/* Begin XCBuildConfiguration section */
		6EBCF5551D38C80400BF8DF7 /* Debug */ = {
			isa = XCBuildConfiguration;
			buildSettings = {
				ALWAYS_SEARCH_USER_PATHS = NO;
				CLANG_ANALYZER_NONNULL = YES;
				CLANG_CXX_LANGUAGE_STANDARD = "gnu++0x";
				CLANG_CXX_LIBRARY = "libc++";
				CLANG_ENABLE_MODULES = YES;
				CLANG_ENABLE_OBJC_ARC = YES;
				CLANG_WARN_BOOL_CONVERSION = YES;
				CLANG_WARN_CONSTANT_CONVERSION = YES;
				CLANG_WARN_DIRECT_OBJC_ISA_USAGE = YES_ERROR;
				CLANG_WARN_EMPTY_BODY = YES;
				CLANG_WARN_ENUM_CONVERSION = YES;
				CLANG_WARN_INT_CONVERSION = YES;
				CLANG_WARN_OBJC_ROOT_CLASS = YES_ERROR;
				CLANG_WARN_UNREACHABLE_CODE = YES;
				CLANG_WARN__DUPLICATE_METHOD_MATCH = YES;
				"CODE_SIGN_IDENTITY[sdk=iphoneos*]" = "iPhone Developer";
				COPY_PHASE_STRIP = NO;
				DEBUG_INFORMATION_FORMAT = dwarf;
				ENABLE_STRICT_OBJC_MSGSEND = YES;
				ENABLE_TESTABILITY = YES;
				GCC_C_LANGUAGE_STANDARD = gnu99;
				GCC_DYNAMIC_NO_PIC = NO;
				GCC_NO_COMMON_BLOCKS = YES;
				GCC_OPTIMIZATION_LEVEL = 0;
				GCC_PREPROCESSOR_DEFINITIONS = (
					"DEBUG=1",
					"$(inherited)",
				);
				GCC_WARN_64_TO_32_BIT_CONVERSION = YES;
				GCC_WARN_ABOUT_RETURN_TYPE = YES_ERROR;
				GCC_WARN_UNDECLARED_SELECTOR = YES;
				GCC_WARN_UNINITIALIZED_AUTOS = YES_AGGRESSIVE;
				GCC_WARN_UNUSED_FUNCTION = YES;
				GCC_WARN_UNUSED_VARIABLE = YES;
				IPHONEOS_DEPLOYMENT_TARGET = 9.3;
				MTL_ENABLE_DEBUG_INFO = YES;
				ONLY_ACTIVE_ARCH = YES;
				SDKROOT = iphoneos;
				SWIFT_OPTIMIZATION_LEVEL = "-Onone";
				TARGETED_DEVICE_FAMILY = "1,2";
			};
			name = Debug;
		};
		6EBCF5561D38C80400BF8DF7 /* Release */ = {
			isa = XCBuildConfiguration;
			buildSettings = {
				ALWAYS_SEARCH_USER_PATHS = NO;
				CLANG_ANALYZER_NONNULL = YES;
				CLANG_CXX_LANGUAGE_STANDARD = "gnu++0x";
				CLANG_CXX_LIBRARY = "libc++";
				CLANG_ENABLE_MODULES = YES;
				CLANG_ENABLE_OBJC_ARC = YES;
				CLANG_WARN_BOOL_CONVERSION = YES;
				CLANG_WARN_CONSTANT_CONVERSION = YES;
				CLANG_WARN_DIRECT_OBJC_ISA_USAGE = YES_ERROR;
				CLANG_WARN_EMPTY_BODY = YES;
				CLANG_WARN_ENUM_CONVERSION = YES;
				CLANG_WARN_INT_CONVERSION = YES;
				CLANG_WARN_OBJC_ROOT_CLASS = YES_ERROR;
				CLANG_WARN_UNREACHABLE_CODE = YES;
				CLANG_WARN__DUPLICATE_METHOD_MATCH = YES;
				"CODE_SIGN_IDENTITY[sdk=iphoneos*]" = "iPhone Developer";
				COPY_PHASE_STRIP = NO;
				DEBUG_INFORMATION_FORMAT = "dwarf-with-dsym";
				ENABLE_NS_ASSERTIONS = NO;
				ENABLE_STRICT_OBJC_MSGSEND = YES;
				GCC_C_LANGUAGE_STANDARD = gnu99;
				GCC_NO_COMMON_BLOCKS = YES;
				GCC_WARN_64_TO_32_BIT_CONVERSION = YES;
				GCC_WARN_ABOUT_RETURN_TYPE = YES_ERROR;
				GCC_WARN_UNDECLARED_SELECTOR = YES;
				GCC_WARN_UNINITIALIZED_AUTOS = YES_AGGRESSIVE;
				GCC_WARN_UNUSED_FUNCTION = YES;
				GCC_WARN_UNUSED_VARIABLE = YES;
				IPHONEOS_DEPLOYMENT_TARGET = 9.3;
				MTL_ENABLE_DEBUG_INFO = NO;
				SDKROOT = iphoneos;
				TARGETED_DEVICE_FAMILY = "1,2";
				VALIDATE_PRODUCT = YES;
			};
			name = Release;
		};
		6EBCF5581D38C80400BF8DF7 /* Debug */ = {
			isa = XCBuildConfiguration;
			buildSettings = {
				INFOPLIST_FILE = "WatchTable WatchKit Extension/Info.plist";
				LD_RUNPATH_SEARCH_PATHS = "$(inherited) @executable_path/Frameworks @executable_path/../../Frameworks";
				PRODUCT_BUNDLE_IDENTIFIER = "Kaili-Zhu.WatchTable.watchkitapp.watchkitextension";
				PRODUCT_NAME = "${TARGET_NAME}";
				SDKROOT = watchos;
				SKIP_INSTALL = YES;
				TARGETED_DEVICE_FAMILY = 4;
				WATCHOS_DEPLOYMENT_TARGET = 2.2;
			};
			name = Debug;
		};
		6EBCF5591D38C80400BF8DF7 /* Release */ = {
			isa = XCBuildConfiguration;
			buildSettings = {
				INFOPLIST_FILE = "WatchTable WatchKit Extension/Info.plist";
				LD_RUNPATH_SEARCH_PATHS = "$(inherited) @executable_path/Frameworks @executable_path/../../Frameworks";
				PRODUCT_BUNDLE_IDENTIFIER = "Kaili-Zhu.WatchTable.watchkitapp.watchkitextension";
				PRODUCT_NAME = "${TARGET_NAME}";
				SDKROOT = watchos;
				SKIP_INSTALL = YES;
				TARGETED_DEVICE_FAMILY = 4;
				WATCHOS_DEPLOYMENT_TARGET = 2.2;
			};
			name = Release;
		};
		6EBCF55C1D38C80400BF8DF7 /* Debug */ = {
			isa = XCBuildConfiguration;
			buildSettings = {
				ASSETCATALOG_COMPILER_APPICON_NAME = AppIcon;
				EMBEDDED_CONTENT_CONTAINS_SWIFT = YES;
				IBSC_MODULE = WatchTable_WatchKit_Extension;
				INFOPLIST_FILE = "WatchTable WatchKit App/Info.plist";
				PRODUCT_BUNDLE_IDENTIFIER = "Kaili-Zhu.WatchTable.watchkitapp";
				PRODUCT_NAME = "$(TARGET_NAME)";
				SDKROOT = watchos;
				SKIP_INSTALL = YES;
				TARGETED_DEVICE_FAMILY = 4;
				WATCHOS_DEPLOYMENT_TARGET = 2.2;
			};
			name = Debug;
		};
		6EBCF55D1D38C80400BF8DF7 /* Release */ = {
			isa = XCBuildConfiguration;
			buildSettings = {
				ASSETCATALOG_COMPILER_APPICON_NAME = AppIcon;
				EMBEDDED_CONTENT_CONTAINS_SWIFT = YES;
				IBSC_MODULE = WatchTable_WatchKit_Extension;
				INFOPLIST_FILE = "WatchTable WatchKit App/Info.plist";
				PRODUCT_BUNDLE_IDENTIFIER = "Kaili-Zhu.WatchTable.watchkitapp";
				PRODUCT_NAME = "$(TARGET_NAME)";
				SDKROOT = watchos;
				SKIP_INSTALL = YES;
				TARGETED_DEVICE_FAMILY = 4;
				WATCHOS_DEPLOYMENT_TARGET = 2.2;
			};
			name = Release;
		};
		6EBCF5601D38C80400BF8DF7 /* Debug */ = {
			isa = XCBuildConfiguration;
			buildSettings = {
				ASSETCATALOG_COMPILER_APPICON_NAME = AppIcon;
				INFOPLIST_FILE = WatchTable/Info.plist;
				LD_RUNPATH_SEARCH_PATHS = "$(inherited) @executable_path/Frameworks";
				PRODUCT_BUNDLE_IDENTIFIER = "Kaili-Zhu.WatchTable";
				PRODUCT_NAME = "$(TARGET_NAME)";
			};
			name = Debug;
		};
		6EBCF5611D38C80400BF8DF7 /* Release */ = {
			isa = XCBuildConfiguration;
			buildSettings = {
				ASSETCATALOG_COMPILER_APPICON_NAME = AppIcon;
				INFOPLIST_FILE = WatchTable/Info.plist;
				LD_RUNPATH_SEARCH_PATHS = "$(inherited) @executable_path/Frameworks";
				PRODUCT_BUNDLE_IDENTIFIER = "Kaili-Zhu.WatchTable";
				PRODUCT_NAME = "$(TARGET_NAME)";
			};
			name = Release;
		};
/* End XCBuildConfiguration section */

/* Begin XCConfigurationList section */
		6EBCF5231D38C80400BF8DF7 /* Build configuration list for PBXProject "WatchTable" */ = {
			isa = XCConfigurationList;
			buildConfigurations = (
				6EBCF5551D38C80400BF8DF7 /* Debug */,
				6EBCF5561D38C80400BF8DF7 /* Release */,
			);
			defaultConfigurationIsVisible = 0;
			defaultConfigurationName = Release;
		};
		6EBCF5571D38C80400BF8DF7 /* Build configuration list for PBXNativeTarget "WatchTable WatchKit Extension" */ = {
			isa = XCConfigurationList;
			buildConfigurations = (
				6EBCF5581D38C80400BF8DF7 /* Debug */,
				6EBCF5591D38C80400BF8DF7 /* Release */,
			);
			defaultConfigurationIsVisible = 0;
		};
		6EBCF55B1D38C80400BF8DF7 /* Build configuration list for PBXNativeTarget "WatchTable WatchKit App" */ = {
			isa = XCConfigurationList;
			buildConfigurations = (
				6EBCF55C1D38C80400BF8DF7 /* Debug */,
				6EBCF55D1D38C80400BF8DF7 /* Release */,
			);
			defaultConfigurationIsVisible = 0;
		};
		6EBCF55F1D38C80400BF8DF7 /* Build configuration list for PBXNativeTarget "WatchTable" */ = {
			isa = XCConfigurationList;
			buildConfigurations = (
				6EBCF5601D38C80400BF8DF7 /* Debug */,
				6EBCF5611D38C80400BF8DF7 /* Release */,
			);
			defaultConfigurationIsVisible = 0;
		};
/* End XCConfigurationList section */
	};
	rootObject = 6EBCF5201D38C80400BF8DF7 /* Project object */;
}
